
Microsoft Visual Studio Solution File, Format Version 12.00
# Visual Studio Version 16
VisualStudioVersion = 16.0.30804.86
MinimumVisualStudioVersion = 10.0.40219.1
Project("{FAE04EC0-301F-11D3-BF4B-00C04F79EFBC}") = "WpfApp1", "WpfApp1\WpfApp1.csproj", "{32B1C897-970C-48A7-B335-67C4D7DEC464}"
EndProject
Global
	GlobalSection(SolutionConfigurationPlatforms) = preSolution
		Debug|Any CPU = Debug|Any CPU
		Release|Any CPU = Release|Any CPU
	EndGlobalSection
	GlobalSection(ProjectConfigurationPlatforms) = postSolution
		{32B1C897-970C-48A7-B335-67C4D7DEC464}.Debug|Any CPU.ActiveCfg = Debug|Any CPU
		{32B1C897-970C-48A7-B335-67C4D7DEC464}.Debug|Any CPU.Build.0 = Debug|Any CPU
		{32B1C897-970C-48A7-B335-67C4D7DEC464}.Release|Any CPU.ActiveCfg = Release|Any CPU
		{32B1C897-970C-48A7-B335-67C4D7DEC464}.Release|Any CPU.Build.0 = Release|Any CPU
	EndGlobalSection
	GlobalSection(SolutionProperties) = preSolution
		HideSolutionNode = FALSE
	EndGlobalSection
	GlobalSection(ExtensibilityGlobals) = postSolution
		SolutionGuid = {994A54BE-B14A-46CA-B150-4D146C55B649}
	EndGlobalSection
EndGlobal
